
Microsoft Visual Studio Solution File, Format Version 12.00
# Visual Studio 14
VisualStudioVersion = 14.0.25420.1
MinimumVisualStudioVersion = 10.0.40219.1
Project("{FAE04EC0-301F-11D3-BF4B-00C04F79EFBC}") = "WebApplication1", "WebApplication1\WebApplication1.csproj", "{306FECE8-4419-4451-984E-51576A86CDEF}"
EndProject
Project("{2150E333-8FDC-42A3-9474-1A3956D46DE8}") = "View and Controller", "View and Controller", "{FF8169C8-5F0C-4D0F-A640-4B1D3419E8D9}"
EndProject
Project("{2150E333-8FDC-42A3-9474-1A3956D46DE8}") = "Model", "Model", "{36A949EC-FC5D-4001-9543-81C63A6509D8}"
EndProject
Project("{2150E333-8FDC-42A3-9474-1A3956D46DE8}") = "View Model", "View Model", "{BAB7D8C2-EE75-4BC3-87BB-F46E08C221FB}"
EndProject
Project("{2150E333-8FDC-42A3-9474-1A3956D46DE8}") = "Data Access Layer", "Data Access Layer", "{8C64C4E4-1CB9-4F69-B1D5-CC50303E3845}"
EndProject
Project("{FAE04EC0-301F-11D3-BF4B-00C04F79EFBC}") = "DataAccessLayer", "DataAccessLayer\DataAccessLayer.csproj", "{1E6F5F60-CDE4-4670-AB64-EDCF47B6DB9F}"
EndProject
Project("{FAE04EC0-301F-11D3-BF4B-00C04F79EFBC}") = "BusinessLayer", "BusinessLayer\BusinessLayer.csproj", "{FBC77806-A5FB-4885-8431-E511A5DEBA39}"
EndProject
Project("{FAE04EC0-301F-11D3-BF4B-00C04F79EFBC}") = "BusinessEntities", "BusinessEntities\BusinessEntities.csproj", "{A1F0C0D2-1A14-4211-B739-1865E30E2584}"
EndProject
Project("{FAE04EC0-301F-11D3-BF4B-00C04F79EFBC}") = "ViewModel", "ViewModel\ViewModel.csproj", "{51B769AD-977E-41B8-928F-C0E2E8E2470B}"
EndProject
Global
	GlobalSection(SolutionConfigurationPlatforms) = preSolution
		Debug|Any CPU = Debug|Any CPU
		Release|Any CPU = Release|Any CPU
	EndGlobalSection
	GlobalSection(ProjectConfigurationPlatforms) = postSolution
		{306FECE8-4419-4451-984E-51576A86CDEF}.Debug|Any CPU.ActiveCfg = Debug|Any CPU
		{306FECE8-4419-4451-984E-51576A86CDEF}.Debug|Any CPU.Build.0 = Debug|Any CPU
		{306FECE8-4419-4451-984E-51576A86CDEF}.Release|Any CPU.ActiveCfg = Release|Any CPU
		{306FECE8-4419-4451-984E-51576A86CDEF}.Release|Any CPU.Build.0 = Release|Any CPU
		{1E6F5F60-CDE4-4670-AB64-EDCF47B6DB9F}.Debug|Any CPU.ActiveCfg = Debug|Any CPU
		{1E6F5F60-CDE4-4670-AB64-EDCF47B6DB9F}.Debug|Any CPU.Build.0 = Debug|Any CPU
		{1E6F5F60-CDE4-4670-AB64-EDCF47B6DB9F}.Release|Any CPU.ActiveCfg = Release|Any CPU
		{1E6F5F60-CDE4-4670-AB64-EDCF47B6DB9F}.Release|Any CPU.Build.0 = Release|Any CPU
		{FBC77806-A5FB-4885-8431-E511A5DEBA39}.Debug|Any CPU.ActiveCfg = Debug|Any CPU
		{FBC77806-A5FB-4885-8431-E511A5DEBA39}.Debug|Any CPU.Build.0 = Debug|Any CPU
		{FBC77806-A5FB-4885-8431-E511A5DEBA39}.Release|Any CPU.ActiveCfg = Release|Any CPU
		{FBC77806-A5FB-4885-8431-E511A5DEBA39}.Release|Any CPU.Build.0 = Release|Any CPU
		{A1F0C0D2-1A14-4211-B739-1865E30E2584}.Debug|Any CPU.ActiveCfg = Debug|Any CPU
		{A1F0C0D2-1A14-4211-B739-1865E30E2584}.Debug|Any CPU.Build.0 = Debug|Any CPU
		{A1F0C0D2-1A14-4211-B739-1865E30E2584}.Release|Any CPU.ActiveCfg = Release|Any CPU
		{A1F0C0D2-1A14-4211-B739-1865E30E2584}.Release|Any CPU.Build.0 = Release|Any CPU
		{51B769AD-977E-41B8-928F-C0E2E8E2470B}.Debug|Any CPU.ActiveCfg = Debug|Any CPU
		{51B769AD-977E-41B8-928F-C0E2E8E2470B}.Debug|Any CPU.Build.0 = Debug|Any CPU
		{51B769AD-977E-41B8-928F-C0E2E8E2470B}.Release|Any CPU.ActiveCfg = Release|Any CPU
		{51B769AD-977E-41B8-928F-C0E2E8E2470B}.Release|Any CPU.Build.0 = Release|Any CPU
	EndGlobalSection
	GlobalSection(SolutionProperties) = preSolution
		HideSolutionNode = FALSE
	EndGlobalSection
	GlobalSection(NestedProjects) = preSolution
		{306FECE8-4419-4451-984E-51576A86CDEF} = {FF8169C8-5F0C-4D0F-A640-4B1D3419E8D9}
		{1E6F5F60-CDE4-4670-AB64-EDCF47B6DB9F} = {8C64C4E4-1CB9-4F69-B1D5-CC50303E3845}
		{FBC77806-A5FB-4885-8431-E511A5DEBA39} = {36A949EC-FC5D-4001-9543-81C63A6509D8}
		{A1F0C0D2-1A14-4211-B739-1865E30E2584} = {36A949EC-FC5D-4001-9543-81C63A6509D8}
		{51B769AD-977E-41B8-928F-C0E2E8E2470B} = {BAB7D8C2-EE75-4BC3-87BB-F46E08C221FB}
	EndGlobalSection
EndGlobal
